// !$*UTF8*$!
{
	archiveVersion = 1;
	classes = {
	};
	objectVersion = 46;
	objects = {

/* Begin PBXBuildFile section */
		2AC2482F047511321F9706A6 /* libPods-PhotoBatchImport.a in Frameworks */ = {isa = PBXBuildFile; fileRef = 3B95B9B278E25BD44E9261C6 /* libPods-PhotoBatchImport.a */; };
		C44E4B1E1DF5011B00741D13 /* main.m in Sources */ = {isa = PBXBuildFile; fileRef = C44E4B1D1DF5011B00741D13 /* main.m */; };
		C44E4B211DF5011B00741D13 /* AppDelegate.m in Sources */ = {isa = PBXBuildFile; fileRef = C44E4B201DF5011B00741D13 /* AppDelegate.m */; };
		C44E4B241DF5011B00741D13 /* ViewController.m in Sources */ = {isa = PBXBuildFile; fileRef = C44E4B231DF5011B00741D13 /* ViewController.m */; };
		C44E4B271DF5011B00741D13 /* Main.storyboard in Resources */ = {isa = PBXBuildFile; fileRef = C44E4B251DF5011B00741D13 /* Main.storyboard */; };
		C44E4B291DF5011B00741D13 /* Assets.xcassets in Resources */ = {isa = PBXBuildFile; fileRef = C44E4B281DF5011B00741D13 /* Assets.xcassets */; };
		C44E4B2C1DF5011B00741D13 /* LaunchScreen.storyboard in Resources */ = {isa = PBXBuildFile; fileRef = C44E4B2A1DF5011B00741D13 /* LaunchScreen.storyboard */; };
/* End PBXBuildFile section */

/* Begin PBXFileReference section */
		3B95B9B278E25BD44E9261C6 /* libPods-PhotoBatchImport.a */ = {isa = PBXFileReference; explicitFileType = archive.ar; includeInIndex = 0; path = "libPods-PhotoBatchImport.a"; sourceTree = BUILT_PRODUCTS_DIR; };
		3E5A53E532599B5B581C8518 /* Pods-PhotoBatchImport.release.xcconfig */ = {isa = PBXFileReference; includeInIndex = 1; lastKnownFileType = text.xcconfig; name = "Pods-PhotoBatchImport.release.xcconfig"; path = "Pods/Target Support Files/Pods-PhotoBatchImport/Pods-PhotoBatchImport.release.xcconfig"; sourceTree = "<group>"; };
		B3B9D19CAE0FC7C5254BA502 /* Pods-PhotoBatchImport.debug.xcconfig */ = {isa = PBXFileReference; includeInIndex = 1; lastKnownFileType = text.xcconfig; name = "Pods-PhotoBatchImport.debug.xcconfig"; path = "Pods/Target Support Files/Pods-PhotoBatchImport/Pods-PhotoBatchImport.debug.xcconfig"; sourceTree = "<group>"; };
		C44E4B191DF5011B00741D13 /* PhotoBatchImport.app */ = {isa = PBXFileReference; explicitFileType = wrapper.application; includeInIndex = 0; path = PhotoBatchImport.app; sourceTree = BUILT_PRODUCTS_DIR; };
		C44E4B1D1DF5011B00741D13 /* main.m */ = {isa = PBXFileReference; lastKnownFileType = sourcecode.c.objc; path = main.m; sourceTree = "<group>"; };
		C44E4B1F1DF5011B00741D13 /* AppDelegate.h */ = {isa = PBXFileReference; lastKnownFileType = sourcecode.c.h; path = AppDelegate.h; sourceTree = "<group>"; };
		C44E4B201DF5011B00741D13 /* AppDelegate.m */ = {isa = PBXFileReference; lastKnownFileType = sourcecode.c.objc; path = AppDelegate.m; sourceTree = "<group>"; };
		C44E4B221DF5011B00741D13 /* ViewController.h */ = {isa = PBXFileReference; lastKnownFileType = sourcecode.c.h; path = ViewController.h; sourceTree = "<group>"; };
		C44E4B231DF5011B00741D13 /* ViewController.m */ = {isa = PBXFileReference; lastKnownFileType = sourcecode.c.objc; path = ViewController.m; sourceTree = "<group>"; };
		C44E4B261DF5011B00741D13 /* Base */ = {isa = PBXFileReference; lastKnownFileType = file.storyboard; name = Base; path = Base.lproj/Main.storyboard; sourceTree = "<group>"; };
		C44E4B281DF5011B00741D13 /* Assets.xcassets */ = {isa = PBXFileReference; lastKnownFileType = folder.assetcatalog; path = Assets.xcassets; sourceTree = "<group>"; };
		C44E4B2B1DF5011B00741D13 /* Base */ = {isa = PBXFileReference; lastKnownFileType = file.storyboard; name = Base; path = Base.lproj/LaunchScreen.storyboard; sourceTree = "<group>"; };
		C44E4B2D1DF5011B00741D13 /* Info.plist */ = {isa = PBXFileReference; lastKnownFileType = text.plist.xml; path = Info.plist; sourceTree = "<group>"; };
/* End PBXFileReference section */

/* Begin PBXFrameworksBuildPhase section */
		C44E4B161DF5011B00741D13 /* Frameworks */ = {
			isa = PBXFrameworksBuildPhase;
			buildActionMask = 2147483647;
			files = (
				2AC2482F047511321F9706A6 /* libPods-PhotoBatchImport.a in Frameworks */,
			);
			runOnlyForDeploymentPostprocessing = 0;
		};
/* End PBXFrameworksBuildPhase section */

/* Begin PBXGroup section */
		4CCD0378130A5D9BA45632F6 /* Frameworks */ = {
			isa = PBXGroup;
			children = (
				3B95B9B278E25BD44E9261C6 /* libPods-PhotoBatchImport.a */,
			);
			name = Frameworks;
			sourceTree = "<group>";
		};
		6B31F4E064F7B229CA76BFF4 /* Pods */ = {
			isa = PBXGroup;
			children = (
				B3B9D19CAE0FC7C5254BA502 /* Pods-PhotoBatchImport.debug.xcconfig */,
				3E5A53E532599B5B581C8518 /* Pods-PhotoBatchImport.release.xcconfig */,
			);
			name = Pods;
			sourceTree = "<group>";
		};
		C44E4B101DF5011B00741D13 = {
			isa = PBXGroup;
			children = (
				C44E4B1B1DF5011B00741D13 /* PhotoBatchImport */,
				C44E4B1A1DF5011B00741D13 /* Products */,
				6B31F4E064F7B229CA76BFF4 /* Pods */,
				4CCD0378130A5D9BA45632F6 /* Frameworks */,
			);
			sourceTree = "<group>";
		};
		C44E4B1A1DF5011B00741D13 /* Products */ = {
			isa = PBXGroup;
			children = (
				C44E4B191DF5011B00741D13 /* PhotoBatchImport.app */,
			);
			name = Products;
			sourceTree = "<group>";
		};
		C44E4B1B1DF5011B00741D13 /* PhotoBatchImport */ = {
			isa = PBXGroup;
			children = (
				C44E4B1F1DF5011B00741D13 /* AppDelegate.h */,
				C44E4B201DF5011B00741D13 /* AppDelegate.m */,
				C44E4B221DF5011B00741D13 /* ViewController.h */,
				C44E4B231DF5011B00741D13 /* ViewController.m */,
				C44E4B251DF5011B00741D13 /* Main.storyboard */,
				C44E4B281DF5011B00741D13 /* Assets.xcassets */,
				C44E4B2A1DF5011B00741D13 /* LaunchScreen.storyboard */,
				C44E4B2D1DF5011B00741D13 /* Info.plist */,
				C44E4B1C1DF5011B00741D13 /* Supporting Files */,
			);
			path = PhotoBatchImport;
			sourceTree = "<group>";
		};
		C44E4B1C1DF5011B00741D13 /* Supporting Files */ = {
			isa = PBXGroup;
			children = (
				C44E4B1D1DF5011B00741D13 /* main.m */,
			);
			name = "Supporting Files";
			sourceTree = "<group>";
		};
/* End PBXGroup section */

/* Begin PBXNativeTarget section */
		C44E4B181DF5011B00741D13 /* PhotoBatchImport */ = {
			isa = PBXNativeTarget;
			buildConfigurationList = C44E4B301DF5011B00741D13 /* Build configuration list for PBXNativeTarget "PhotoBatchImport" */;
			buildPhases = (
				CAB47DC4679F82B6AF584C6B /* [CP] Check Pods Manifest.lock */,
				C44E4B151DF5011B00741D13 /* Sources */,
				C44E4B161DF5011B00741D13 /* Frameworks */,
				C44E4B171DF5011B00741D13 /* Resources */,
				CCDB4F00E4E16AADCBE27347 /* [CP] Embed Pods Frameworks */,
				86960A0B55F7B2F13BE62316 /* [CP] Copy Pods Resources */,
			);
			buildRules = (
			);
			dependencies = (
			);
			name = PhotoBatchImport;
			productName = PhotoBatchImport;
			productReference = C44E4B191DF5011B00741D13 /* PhotoBatchImport.app */;
			productType = "com.apple.product-type.application";
		};
/* End PBXNativeTarget section */

/* Begin PBXProject section */
		C44E4B111DF5011B00741D13 /* Project object */ = {
			isa = PBXProject;
			attributes = {
				LastUpgradeCheck = 0730;
				ORGANIZATIONNAME = "R&F Properties";
				TargetAttributes = {
					C44E4B181DF5011B00741D13 = {
						CreatedOnToolsVersion = 7.3.1;
					};
				};
			};
			buildConfigurationList = C44E4B141DF5011B00741D13 /* Build configuration list for PBXProject "PhotoBatchImport" */;
			compatibilityVersion = "Xcode 3.2";
			developmentRegion = English;
			hasScannedForEncodings = 0;
			knownRegions = (
				en,
				Base,
			);
			mainGroup = C44E4B101DF5011B00741D13;
			productRefGroup = C44E4B1A1DF5011B00741D13 /* Products */;
			projectDirPath = "";
			projectRoot = "";
			targets = (
				C44E4B181DF5011B00741D13 /* PhotoBatchImport */,
			);
		};
/* End PBXProject section */

/* Begin PBXResourcesBuildPhase section */
		C44E4B171DF5011B00741D13 /* Resources */ = {
			isa = PBXResourcesBuildPhase;
			buildActionMask = 2147483647;
			files = (
				C44E4B2C1DF5011B00741D13 /* LaunchScreen.storyboard in Resources */,
				C44E4B291DF5011B00741D13 /* Assets.xcassets in Resources */,
				C44E4B271DF5011B00741D13 /* Main.storyboard in Resources */,
			);
			runOnlyForDeploymentPostprocessing = 0;
		};
/* End PBXResourcesBuildPhase section */

/* Begin PBXShellScriptBuildPhase section */
		86960A0B55F7B2F13BE62316 /* [CP] Copy Pods Resources */ = {
			isa = PBXShellScriptBuildPhase;
			buildActionMask = 2147483647;
			files = (
			);
			inputPaths = (
			);
			name = "[CP] Copy Pods Resources";
			outputPaths = (
			);
			runOnlyForDeploymentPostprocessing = 0;
			shellPath = /bin/sh;
			shellScript = "\"${SRCROOT}/Pods/Target Support Files/Pods-PhotoBatchImport/Pods-PhotoBatchImport-resources.sh\"\n";
			showEnvVarsInLog = 0;
		};
		CAB47DC4679F82B6AF584C6B /* [CP] Check Pods Manifest.lock */ = {
			isa = PBXShellScriptBuildPhase;
			buildActionMask = 2147483647;
			files = (
			);
			inputPaths = (
			);
			name = "[CP] Check Pods Manifest.lock";
			outputPaths = (
			);
			runOnlyForDeploymentPostprocessing = 0;
			shellPath = /bin/sh;
			shellScript = "diff \"${PODS_ROOT}/../Podfile.lock\" \"${PODS_ROOT}/Manifest.lock\" > /dev/null\nif [[ $? != 0 ]] ; then\n    cat << EOM\nerror: The sandbox is not in sync with the Podfile.lock. Run 'pod install' or update your CocoaPods installation.\nEOM\n    exit 1\nfi\n";
			showEnvVarsInLog = 0;
		};
		CCDB4F00E4E16AADCBE27347 /* [CP] Embed Pods Frameworks */ = {
			isa = PBXShellScriptBuildPhase;
			buildActionMask = 2147483647;
			files = (
			);
			inputPaths = (
			);
			name = "[CP] Embed Pods Frameworks";
			outputPaths = (
			);
			runOnlyForDeploymentPostprocessing = 0;
			shellPath = /bin/sh;
			shellScript = "\"${SRCROOT}/Pods/Target Support Files/Pods-PhotoBatchImport/Pods-PhotoBatchImport-frameworks.sh\"\n";
			showEnvVarsInLog = 0;
		};
/* End PBXShellScriptBuildPhase section */

/* Begin PBXSourcesBuildPhase section */
		C44E4B151DF5011B00741D13 /* Sources */ = {
			isa = PBXSourcesBuildPhase;
			buildActionMask = 2147483647;
			files = (
				C44E4B241DF5011B00741D13 /* ViewController.m in Sources */,
				C44E4B211DF5011B00741D13 /* AppDelegate.m in Sources */,
				C44E4B1E1DF5011B00741D13 /* main.m in Sources */,
			);
			runOnlyForDeploymentPostprocessing = 0;
		};
/* End PBXSourcesBuildPhase section */

/* Begin PBXVariantGroup section */
		C44E4B251DF5011B00741D13 /* Main.storyboard */ = {
			isa = PBXVariantGroup;
			children = (
				C44E4B261DF5011B00741D13 /* Base */,
			);
			name = Main.storyboard;
			sourceTree = "<group>";
		};
		C44E4B2A1DF5011B00741D13 /* LaunchScreen.storyboard */ = {
			isa = PBXVariantGroup;
			children = (
				C44E4B2B1DF5011B00741D13 /* Base */,
			);
			name = LaunchScreen.storyboard;
			sourceTree = "<group>";
		};
/* End PBXVariantGroup section */

/* Begin XCBuildConfiguration section */
		C44E4B2E1DF5011B00741D13 /* Debug */ = {
			isa = XCBuildConfiguration;
			buildSettings = {
				ALWAYS_SEARCH_USER_PATHS = NO;
				CLANG_ANALYZER_NONNULL = YES;
				CLANG_CXX_LANGUAGE_STANDARD = "gnu++0x";
				CLANG_CXX_LIBRARY = "libc++";
				CLANG_ENABLE_MODULES = YES;
				CLANG_ENABLE_OBJC_ARC = YES;
				CLANG_WARN_BOOL_CONVERSION = YES;
				CLANG_WARN_CONSTANT_CONVERSION = YES;
				CLANG_WARN_DIRECT_OBJC_ISA_USAGE = YES_ERROR;
				CLANG_WARN_EMPTY_BODY = YES;
				CLANG_WARN_ENUM_CONVERSION = YES;
				CLANG_WARN_INT_CONVERSION = YES;
				CLANG_WARN_OBJC_ROOT_CLASS = YES_ERROR;
				CLANG_WARN_UNREACHABLE_CODE = YES;
				CLANG_WARN__DUPLICATE_METHOD_MATCH = YES;
				"CODE_SIGN_IDENTITY[sdk=iphoneos*]" = "iPhone Developer";
				COPY_PHASE_STRIP = NO;
				DEBUG_INFORMATION_FORMAT = dwarf;
				ENABLE_STRICT_OBJC_MSGSEND = YES;
				ENABLE_TESTABILITY = YES;
				GCC_C_LANGUAGE_STANDARD = gnu99;
				GCC_DYNAMIC_NO_PIC = NO;
				GCC_NO_COMMON_BLOCKS = YES;
				GCC_OPTIMIZATION_LEVEL = 0;
				GCC_PREPROCESSOR_DEFINITIONS = (
					"DEBUG=1",
					"$(inherited)",
				);
				GCC_WARN_64_TO_32_BIT_CONVERSION = YES;
				GCC_WARN_ABOUT_RETURN_TYPE = YES_ERROR;
				GCC_WARN_UNDECLARED_SELECTOR = YES;
				GCC_WARN_UNINITIALIZED_AUTOS = YES_AGGRESSIVE;
				GCC_WARN_UNUSED_FUNCTION = YES;
				GCC_WARN_UNUSED_VARIABLE = YES;
				IPHONEOS_DEPLOYMENT_TARGET = 9.3;
				MTL_ENABLE_DEBUG_INFO = YES;
				ONLY_ACTIVE_ARCH = YES;
				SDKROOT = iphoneos;
				TARGETED_DEVICE_FAMILY = "1,2";
			};
			name = Debug;
		};
		C44E4B2F1DF5011B00741D13 /* Release */ = {
			isa = XCBuildConfiguration;
			buildSettings = {
				ALWAYS_SEARCH_USER_PATHS = NO;
				CLANG_ANALYZER_NONNULL = YES;
				CLANG_CXX_LANGUAGE_STANDARD = "gnu++0x";
				CLANG_CXX_LIBRARY = "libc++";
				CLANG_ENABLE_MODULES = YES;
				CLANG_ENABLE_OBJC_ARC = YES;
				CLANG_WARN_BOOL_CONVERSION = YES;
				CLANG_WARN_CONSTANT_CONVERSION = YES;
				CLANG_WARN_DIRECT_OBJC_ISA_USAGE = YES_ERROR;
				CLANG_WARN_EMPTY_BODY = YES;
				CLANG_WARN_ENUM_CONVERSION = YES;
				CLANG_WARN_INT_CONVERSION = YES;
				CLANG_WARN_OBJC_ROOT_CLASS = YES_ERROR;
				CLANG_WARN_UNREACHABLE_CODE = YES;
				CLANG_WARN__DUPLICATE_METHOD_MATCH = YES;
				"CODE_SIGN_IDENTITY[sdk=iphoneos*]" = "iPhone Developer";
				COPY_PHASE_STRIP = NO;
				DEBUG_INFORMATION_FORMAT = "dwarf-with-dsym";
				ENABLE_NS_ASSERTIONS = NO;
				ENABLE_STRICT_OBJC_MSGSEND = YES;
				GCC_C_LANGUAGE_STANDARD = gnu99;
				GCC_NO_COMMON_BLOCKS = YES;
				GCC_WARN_64_TO_32_BIT_CONVERSION = YES;
				GCC_WARN_ABOUT_RETURN_TYPE = YES_ERROR;
				GCC_WARN_UNDECLARED_SELECTOR = YES;
				GCC_WARN_UNINITIALIZED_AUTOS = YES_AGGRESSIVE;
				GCC_WARN_UNUSED_FUNCTION = YES;
				GCC_WARN_UNUSED_VARIABLE = YES;
				IPHONEOS_DEPLOYMENT_TARGET = 9.3;
				MTL_ENABLE_DEBUG_INFO = NO;
				SDKROOT = iphoneos;
				TARGETED_DEVICE_FAMILY = "1,2";
				VALIDATE_PRODUCT = YES;
			};
			name = Release;
		};
		C44E4B311DF5011B00741D13 /* Debug */ = {
			isa = XCBuildConfiguration;
			baseConfigurationReference = B3B9D19CAE0FC7C5254BA502 /* Pods-PhotoBatchImport.debug.xcconfig */;
			buildSettings = {
				ASSETCATALOG_COMPILER_APPICON_NAME = AppIcon;
				INFOPLIST_FILE = PhotoBatchImport/Info.plist;
				IPHONEOS_DEPLOYMENT_TARGET = 7.0;
				LD_RUNPATH_SEARCH_PATHS = "$(inherited) @executable_path/Frameworks";
				PRODUCT_BUNDLE_IDENTIFIER = com.rfchina.PhotoBatchImport;
				PRODUCT_NAME = "$(TARGET_NAME)";
			};
			name = Debug;
		};
		C44E4B321DF5011B00741D13 /* Release */ = {
			isa = XCBuildConfiguration;
			baseConfigurationReference = 3E5A53E532599B5B581C8518 /* Pods-PhotoBatchImport.release.xcconfig */;
			buildSettings = {
				ASSETCATALOG_COMPILER_APPICON_NAME = AppIcon;
				INFOPLIST_FILE = PhotoBatchImport/Info.plist;
				IPHONEOS_DEPLOYMENT_TARGET = 7.0;
				LD_RUNPATH_SEARCH_PATHS = "$(inherited) @executable_path/Frameworks";
				PRODUCT_BUNDLE_IDENTIFIER = com.rfchina.PhotoBatchImport;
				PRODUCT_NAME = "$(TARGET_NAME)";
			};
			name = Release;
		};
/* End XCBuildConfiguration section */

/* Begin XCConfigurationList section */
		C44E4B141DF5011B00741D13 /* Build configuration list for PBXProject "PhotoBatchImport" */ = {
			isa = XCConfigurationList;
			buildConfigurations = (
				C44E4B2E1DF5011B00741D13 /* Debug */,
				C44E4B2F1DF5011B00741D13 /* Release */,
			);
			defaultConfigurationIsVisible = 0;
			defaultConfigurationName = Release;
		};
		C44E4B301DF5011B00741D13 /* Build configuration list for PBXNativeTarget "PhotoBatchImport" */ = {
			isa = XCConfigurationList;
			buildConfigurations = (
				C44E4B311DF5011B00741D13 /* Debug */,
				C44E4B321DF5011B00741D13 /* Release */,
			);
			defaultConfigurationIsVisible = 0;
			defaultConfigurationName = Release;
		};
/* End XCConfigurationList section */
	};
	rootObject = C44E4B111DF5011B00741D13 /* Project object */;
}
